// !$*UTF8*$!
{
	archiveVersion = 1;
	classes = {
	};
	objectVersion = 46;
	objects = {

/* Begin PBXBuildFile section */
		285198FC1AC2DE6F00827D74 /* main.c in Sources */ = {isa = PBXBuildFile; fileRef = 285198FB1AC2DE6F00827D74 /* main.c */; };
/* End PBXBuildFile section */

/* Begin PBXCopyFilesBuildPhase section */
		285198F61AC2DE6E00827D74 /* CopyFiles */ = {
			isa = PBXCopyFilesBuildPhase;
			buildActionMask = 2147483647;
			dstPath = /usr/share/man/man1/;
			dstSubfolderSpec = 0;
			files = (
			);
			runOnlyForDeploymentPostprocessing = 1;
		};
/* End PBXCopyFilesBuildPhase section */

/* Begin PBXFileReference section */
		285198F81AC2DE6F00827D74 /* BS2.P01 */ = {isa = PBXFileReference; explicitFileType = "compiled.mach-o.executable"; includeInIndex = 0; path = BS2.P01; sourceTree = BUILT_PRODUCTS_DIR; };
		285198FB1AC2DE6F00827D74 /* main.c */ = {isa = PBXFileReference; lastKnownFileType = sourcecode.c.c; path = main.c; sourceTree = "<group>"; };
		285199021AC2DF2300827D74 /* zahl.dat */ = {isa = PBXFileReference; fileEncoding = 4; lastKnownFileType = text; path = zahl.dat; sourceTree = "<group>"; };
/* End PBXFileReference section */

/* Begin PBXFrameworksBuildPhase section */
		285198F51AC2DE6E00827D74 /* Frameworks */ = {
			isa = PBXFrameworksBuildPhase;
			buildActionMask = 2147483647;
			files = (
			);
			runOnlyForDeploymentPostprocessing = 0;
		};
/* End PBXFrameworksBuildPhase section */

/* Begin PBXGroup section */
		285198EF1AC2DE6E00827D74 = {
			isa = PBXGroup;
			children = (
				285198FA1AC2DE6F00827D74 /* BS2.P01 */,
				285198F91AC2DE6F00827D74 /* Products */,
			);
			sourceTree = "<group>";
		};
		285198F91AC2DE6F00827D74 /* Products */ = {
			isa = PBXGroup;
			children = (
				285198F81AC2DE6F00827D74 /* BS2.P01 */,
			);
			name = Products;
			sourceTree = "<group>";
		};
		285198FA1AC2DE6F00827D74 /* BS2.P01 */ = {
			isa = PBXGroup;
			children = (
				285198FB1AC2DE6F00827D74 /* main.c */,
				285199021AC2DF2300827D74 /* zahl.dat */,
			);
			path = BS2.P01;
			sourceTree = "<group>";
		};
/* End PBXGroup section */

/* Begin PBXNativeTarget section */
		285198F71AC2DE6E00827D74 /* BS2.P01 */ = {
			isa = PBXNativeTarget;
			buildConfigurationList = 285198FF1AC2DE6F00827D74 /* Build configuration list for PBXNativeTarget "BS2.P01" */;
			buildPhases = (
				285198F41AC2DE6E00827D74 /* Sources */,
				285198F51AC2DE6E00827D74 /* Frameworks */,
				285198F61AC2DE6E00827D74 /* CopyFiles */,
			);
			buildRules = (
			);
			dependencies = (
			);
			name = BS2.P01;
			productName = BS2.P01;
			productReference = 285198F81AC2DE6F00827D74 /* BS2.P01 */;
			productType = "com.apple.product-type.tool";
		};
/* End PBXNativeTarget section */

/* Begin PBXProject section */
		285198F01AC2DE6E00827D74 /* Project object */ = {
			isa = PBXProject;
			attributes = {
				LastUpgradeCheck = 0620;
				ORGANIZATIONNAME = net.markusklemm;
				TargetAttributes = {
					285198F71AC2DE6E00827D74 = {
						CreatedOnToolsVersion = 6.2;
					};
				};
			};
			buildConfigurationList = 285198F31AC2DE6E00827D74 /* Build configuration list for PBXProject "BS2.P01" */;
			compatibilityVersion = "Xcode 3.2";
			developmentRegion = English;
			hasScannedForEncodings = 0;
			knownRegions = (
				en,
			);
			mainGroup = 285198EF1AC2DE6E00827D74;
			productRefGroup = 285198F91AC2DE6F00827D74 /* Products */;
			projectDirPath = "";
			projectRoot = "";
			targets = (
				285198F71AC2DE6E00827D74 /* BS2.P01 */,
			);
		};
/* End PBXProject section */

/* Begin PBXSourcesBuildPhase section */
		285198F41AC2DE6E00827D74 /* Sources */ = {
			isa = PBXSourcesBuildPhase;
			buildActionMask = 2147483647;
			files = (
				285198FC1AC2DE6F00827D74 /* main.c in Sources */,
			);
			runOnlyForDeploymentPostprocessing = 0;
		};
/* End PBXSourcesBuildPhase section */

/* Begin XCBuildConfiguration section */
		285198FD1AC2DE6F00827D74 /* Debug */ = {
			isa = XCBuildConfiguration;
			buildSettings = {
				ALWAYS_SEARCH_USER_PATHS = NO;
				CLANG_CXX_LANGUAGE_STANDARD = "gnu++0x";
				CLANG_CXX_LIBRARY = "libc++";
				CLANG_ENABLE_MODULES = YES;
				CLANG_ENABLE_OBJC_ARC = YES;
				CLANG_WARN_BOOL_CONVERSION = YES;
				CLANG_WARN_CONSTANT_CONVERSION = YES;
				CLANG_WARN_DIRECT_OBJC_ISA_USAGE = YES_ERROR;
				CLANG_WARN_EMPTY_BODY = YES;
				CLANG_WARN_ENUM_CONVERSION = YES;
				CLANG_WARN_INT_CONVERSION = YES;
				CLANG_WARN_OBJC_ROOT_CLASS = YES_ERROR;
				CLANG_WARN_UNREACHABLE_CODE = YES;
				CLANG_WARN__DUPLICATE_METHOD_MATCH = YES;
				COPY_PHASE_STRIP = NO;
				ENABLE_STRICT_OBJC_MSGSEND = YES;
				GCC_C_LANGUAGE_STANDARD = c11;
				GCC_DYNAMIC_NO_PIC = NO;
				GCC_OPTIMIZATION_LEVEL = 0;
				GCC_PREPROCESSOR_DEFINITIONS = (
					"DEBUG=1",
					"$(inherited)",
				);
				GCC_SYMBOLS_PRIVATE_EXTERN = NO;
				GCC_WARN_64_TO_32_BIT_CONVERSION = YES;
				GCC_WARN_ABOUT_RETURN_TYPE = YES_ERROR;
				GCC_WARN_UNDECLARED_SELECTOR = YES;
				GCC_WARN_UNINITIALIZED_AUTOS = YES_AGGRESSIVE;
				GCC_WARN_UNUSED_FUNCTION = YES;
				GCC_WARN_UNUSED_VARIABLE = YES;
				MACOSX_DEPLOYMENT_TARGET = 10.10;
				MTL_ENABLE_DEBUG_INFO = YES;
				ONLY_ACTIVE_ARCH = YES;
				SDKROOT = macosx;
			};
			name = Debug;
		};
		285198FE1AC2DE6F00827D74 /* Release */ = {
			isa = XCBuildConfiguration;
			buildSettings = {
				ALWAYS_SEARCH_USER_PATHS = NO;
				CLANG_CXX_LANGUAGE_STANDARD = "gnu++0x";
				CLANG_CXX_LIBRARY = "libc++";
				CLANG_ENABLE_MODULES = YES;
				CLANG_ENABLE_OBJC_ARC = YES;
				CLANG_WARN_BOOL_CONVERSION = YES;
				CLANG_WARN_CONSTANT_CONVERSION = YES;
				CLANG_WARN_DIRECT_OBJC_ISA_USAGE = YES_ERROR;
				CLANG_WARN_EMPTY_BODY = YES;
				CLANG_WARN_ENUM_CONVERSION = YES;
				CLANG_WARN_INT_CONVERSION = YES;
				CLANG_WARN_OBJC_ROOT_CLASS = YES_ERROR;
				CLANG_WARN_UNREACHABLE_CODE = YES;
				CLANG_WARN__DUPLICATE_METHOD_MATCH = YES;
				COPY_PHASE_STRIP = NO;
				DEBUG_INFORMATION_FORMAT = "dwarf-with-dsym";
				ENABLE_NS_ASSERTIONS = NO;
				ENABLE_STRICT_OBJC_MSGSEND = YES;
				GCC_C_LANGUAGE_STANDARD = c11;
				GCC_WARN_64_TO_32_BIT_CONVERSION = YES;
				GCC_WARN_ABOUT_RETURN_TYPE = YES_ERROR;
				GCC_WARN_UNDECLARED_SELECTOR = YES;
				GCC_WARN_UNINITIALIZED_AUTOS = YES_AGGRESSIVE;
				GCC_WARN_UNUSED_FUNCTION = YES;
				GCC_WARN_UNUSED_VARIABLE = YES;
				MACOSX_DEPLOYMENT_TARGET = 10.10;
				MTL_ENABLE_DEBUG_INFO = NO;
				SDKROOT = macosx;
			};
			name = Release;
		};
		285199001AC2DE6F00827D74 /* Debug */ = {
			isa = XCBuildConfiguration;
			buildSettings = {
				PRODUCT_NAME = "$(TARGET_NAME)";
			};
			name = Debug;
		};
		285199011AC2DE6F00827D74 /* Release */ = {
			isa = XCBuildConfiguration;
			buildSettings = {
				PRODUCT_NAME = "$(TARGET_NAME)";
			};
			name = Release;
		};
/* End XCBuildConfiguration section */

/* Begin XCConfigurationList section */
		285198F31AC2DE6E00827D74 /* Build configuration list for PBXProject "BS2.P01" */ = {
			isa = XCConfigurationList;
			buildConfigurations = (
				285198FD1AC2DE6F00827D74 /* Debug */,
				285198FE1AC2DE6F00827D74 /* Release */,
			);
			defaultConfigurationIsVisible = 0;
			defaultConfigurationName = Release;
		};
		285198FF1AC2DE6F00827D74 /* Build configuration list for PBXNativeTarget "BS2.P01" */ = {
			isa = XCConfigurationList;
			buildConfigurations = (
				285199001AC2DE6F00827D74 /* Debug */,
				285199011AC2DE6F00827D74 /* Release */,
			);
			defaultConfigurationIsVisible = 0;
		};
/* End XCConfigurationList section */
	};
	rootObject = 285198F01AC2DE6E00827D74 /* Project object */;
}
